
Microsoft Visual Studio Solution File, Format Version 12.00
# Visual Studio Version 17
VisualStudioVersion = 17.9.34728.123
MinimumVisualStudioVersion = 10.0.40219.1
Project("{FAE04EC0-301F-11D3-BF4B-00C04F79EFBC}") = "ADVC#02", "ADVC#02\ADVC#02.csproj", "{73B3CD72-DFAA-488B-AFDA-6363279B6105}"
EndProject
Project("{FAE04EC0-301F-11D3-BF4B-00C04F79EFBC}") = "Demo", "Demo\Demo.csproj", "{762F0F3F-2A98-4E77-AC99-EA978815DA6D}"
EndProject
Global
	GlobalSection(SolutionConfigurationPlatforms) = preSolution
		Debug|Any CPU = Debug|Any CPU
		Release|Any CPU = Release|Any CPU
	EndGlobalSection
	GlobalSection(ProjectConfigurationPlatforms) = postSolution
		{73B3CD72-DFAA-488B-AFDA-6363279B6105}.Debug|Any CPU.ActiveCfg = Debug|Any CPU
		{73B3CD72-DFAA-488B-AFDA-6363279B6105}.Debug|Any CPU.Build.0 = Debug|Any CPU
		{73B3CD72-DFAA-488B-AFDA-6363279B6105}.Release|Any CPU.ActiveCfg = Release|Any CPU
		{73B3CD72-DFAA-488B-AFDA-6363279B6105}.Release|Any CPU.Build.0 = Release|Any CPU
		{762F0F3F-2A98-4E77-AC99-EA978815DA6D}.Debug|Any CPU.ActiveCfg = Debug|Any CPU
		{762F0F3F-2A98-4E77-AC99-EA978815DA6D}.Debug|Any CPU.Build.0 = Debug|Any CPU
		{762F0F3F-2A98-4E77-AC99-EA978815DA6D}.Release|Any CPU.ActiveCfg = Release|Any CPU
		{762F0F3F-2A98-4E77-AC99-EA978815DA6D}.Release|Any CPU.Build.0 = Release|Any CPU
	EndGlobalSection
	GlobalSection(SolutionProperties) = preSolution
		HideSolutionNode = FALSE
	EndGlobalSection
	GlobalSection(ExtensibilityGlobals) = postSolution
		SolutionGuid = {AC5611C6-093A-4836-A50F-1600A8B8147D}
	EndGlobalSection
EndGlobal
